
Microsoft Visual Studio Solution File, Format Version 12.00
# Visual Studio Version 17
VisualStudioVersion = 17.3.32929.385
MinimumVisualStudioVersion = 10.0.40219.1
Project("{FAE04EC0-301F-11D3-BF4B-00C04F79EFBC}") = "Pokemon.Api", "Pokemon.Api\Pokemon.Api.csproj", "{918614D2-2E13-46D9-82E0-E67A976C1825}"
EndProject
Project("{FAE04EC0-301F-11D3-BF4B-00C04F79EFBC}") = "Pokemon.Tests", "Pokemon.Tests\Pokemon.Tests.csproj", "{B40F3D5C-720D-4F5A-BF1B-6F3832BAD1F5}"
EndProject
Project("{FAE04EC0-301F-11D3-BF4B-00C04F79EFBC}") = "Pokemon.Application", "Pokemon.Application\Pokemon.Application.csproj", "{2BE927D7-7242-4AAC-9A40-7688D8061387}"
EndProject
Project("{FAE04EC0-301F-11D3-BF4B-00C04F79EFBC}") = "Pokemon.Core", "Pokemon.Core\Pokemon.Core.csproj", "{BB070428-8417-49CE-B981-3692D6CF2FD7}"
EndProject
Project("{FAE04EC0-301F-11D3-BF4B-00C04F79EFBC}") = "Pokemon.Infrastructure", "Pokemon.Infrastructure\Pokemon.Infrastructure.csproj", "{A56587E4-5830-486E-91E9-9593D5426257}"
EndProject
Global
	GlobalSection(SolutionConfigurationPlatforms) = preSolution
		Debug|Any CPU = Debug|Any CPU
		Release|Any CPU = Release|Any CPU
	EndGlobalSection
	GlobalSection(ProjectConfigurationPlatforms) = postSolution
		{918614D2-2E13-46D9-82E0-E67A976C1825}.Debug|Any CPU.ActiveCfg = Debug|Any CPU
		{918614D2-2E13-46D9-82E0-E67A976C1825}.Debug|Any CPU.Build.0 = Debug|Any CPU
		{918614D2-2E13-46D9-82E0-E67A976C1825}.Release|Any CPU.ActiveCfg = Release|Any CPU
		{918614D2-2E13-46D9-82E0-E67A976C1825}.Release|Any CPU.Build.0 = Release|Any CPU
		{B40F3D5C-720D-4F5A-BF1B-6F3832BAD1F5}.Debug|Any CPU.ActiveCfg = Debug|Any CPU
		{B40F3D5C-720D-4F5A-BF1B-6F3832BAD1F5}.Debug|Any CPU.Build.0 = Debug|Any CPU
		{B40F3D5C-720D-4F5A-BF1B-6F3832BAD1F5}.Release|Any CPU.ActiveCfg = Release|Any CPU
		{B40F3D5C-720D-4F5A-BF1B-6F3832BAD1F5}.Release|Any CPU.Build.0 = Release|Any CPU
		{2BE927D7-7242-4AAC-9A40-7688D8061387}.Debug|Any CPU.ActiveCfg = Debug|Any CPU
		{2BE927D7-7242-4AAC-9A40-7688D8061387}.Debug|Any CPU.Build.0 = Debug|Any CPU
		{2BE927D7-7242-4AAC-9A40-7688D8061387}.Release|Any CPU.ActiveCfg = Release|Any CPU
		{2BE927D7-7242-4AAC-9A40-7688D8061387}.Release|Any CPU.Build.0 = Release|Any CPU
		{BB070428-8417-49CE-B981-3692D6CF2FD7}.Debug|Any CPU.ActiveCfg = Debug|Any CPU
		{BB070428-8417-49CE-B981-3692D6CF2FD7}.Debug|Any CPU.Build.0 = Debug|Any CPU
		{BB070428-8417-49CE-B981-3692D6CF2FD7}.Release|Any CPU.ActiveCfg = Release|Any CPU
		{BB070428-8417-49CE-B981-3692D6CF2FD7}.Release|Any CPU.Build.0 = Release|Any CPU
		{A56587E4-5830-486E-91E9-9593D5426257}.Debug|Any CPU.ActiveCfg = Debug|Any CPU
		{A56587E4-5830-486E-91E9-9593D5426257}.Debug|Any CPU.Build.0 = Debug|Any CPU
		{A56587E4-5830-486E-91E9-9593D5426257}.Release|Any CPU.ActiveCfg = Release|Any CPU
		{A56587E4-5830-486E-91E9-9593D5426257}.Release|Any CPU.Build.0 = Release|Any CPU
	EndGlobalSection
	GlobalSection(SolutionProperties) = preSolution
		HideSolutionNode = FALSE
	EndGlobalSection
	GlobalSection(ExtensibilityGlobals) = postSolution
		SolutionGuid = {6435E0BC-71B0-4952-9358-51D040BE8AD3}
	EndGlobalSection
EndGlobal
